
Microsoft Visual Studio Solution File, Format Version 12.00
# Visual Studio Version 17
VisualStudioVersion = 17.5.33627.172
MinimumVisualStudioVersion = 10.0.40219.1
Project("{FAE04EC0-301F-11D3-BF4B-00C04F79EFBC}") = "222516012_c#_PROJE_ERAY_ÇETİN", "222516012_c#_PROJE_ERAY_ÇETİN\222516012_c#_PROJE_ERAY_ÇETİN.csproj", "{BE7313DE-BA0F-482E-BB4A-EE8AD9105EB5}"
EndProject
Global
	GlobalSection(SolutionConfigurationPlatforms) = preSolution
		Debug|Any CPU = Debug|Any CPU
		Release|Any CPU = Release|Any CPU
	EndGlobalSection
	GlobalSection(ProjectConfigurationPlatforms) = postSolution
		{BE7313DE-BA0F-482E-BB4A-EE8AD9105EB5}.Debug|Any CPU.ActiveCfg = Debug|Any CPU
		{BE7313DE-BA0F-482E-BB4A-EE8AD9105EB5}.Debug|Any CPU.Build.0 = Debug|Any CPU
		{BE7313DE-BA0F-482E-BB4A-EE8AD9105EB5}.Release|Any CPU.ActiveCfg = Release|Any CPU
		{BE7313DE-BA0F-482E-BB4A-EE8AD9105EB5}.Release|Any CPU.Build.0 = Release|Any CPU
	EndGlobalSection
	GlobalSection(SolutionProperties) = preSolution
		HideSolutionNode = FALSE
	EndGlobalSection
	GlobalSection(ExtensibilityGlobals) = postSolution
		SolutionGuid = {FAE48EA4-674E-4E8B-8908-0C670452B5AB}
	EndGlobalSection
EndGlobal
